{
  "name": "mpp-bot-for-rbc",
  "version": "1.0.0",
  "lockfileVersion": 2,
  "requires": true,
  "packages": {
    "": {
      "name": "mpp-bot-for-rbc",
      "version": "1.0.0",
      "license": "ISC",
      "dependencies": {
        "anony-mpp-bot-js": "^1.0.5",
        "fs": "^0.0.1-security"
      }
    },
    "node_modules/anony-mpp-bot-js": {
      "version": "1.0.5",
      "resolved": "https://registry.npmjs.org/anony-mpp-bot-js/-/anony-mpp-bot-js-1.0.5.tgz",
      "integrity": "sha512-CV5wc7AdhdzOtGNo400KIg5r6o2lxhI15ZSs+lJSMJy28/Er8lVKOHeBH2pQpg/Vgla16V9ZaG8LRkks+wBg0A==",
      "dependencies": {
        "anony-mpp-bot-js": "^1.0.0",
        "fs": "^0.0.1-security",
        "midi-player-js": "^2.0.16"
      }
    },
    "node_modules/fs": {
      "version": "0.0.1-security",
      "resolved": "https://registry.npmjs.org/fs/-/fs-0.0.1-security.tgz",
      "integrity": "sha1-invTcYa23d84E/I4WLV+yq9eQdQ="
    },
    "node_modules/midi-player-js": {
      "version": "2.0.16",
      "resolved": "https://registry.npmjs.org/midi-player-js/-/midi-player-js-2.0.16.tgz",
      "integrity": "sha512-Y1yCRvvSjJjT5J4U8T4XTCDF1FLXtw8Otvq5BAmIob/2cj10aQUDrPDFByTWeuMRPu6/nLhusROc1DuTLCzRnw==",
      "hasInstallScript": true,
      "engines": {
        "node": ">=10.0.0"
      }
    }
  },
  "dependencies": {
    "anony-mpp-bot-js": {
      "version": "1.0.5",
      "resolved": "https://registry.npmjs.org/anony-mpp-bot-js/-/anony-mpp-bot-js-1.0.5.tgz",
      "integrity": "sha512-CV5wc7AdhdzOtGNo400KIg5r6o2lxhI15ZSs+lJSMJy28/Er8lVKOHeBH2pQpg/Vgla16V9ZaG8LRkks+wBg0A==",
      "requires": {
        "anony-mpp-bot-js": "^1.0.0",
        "fs": "^0.0.1-security",
        "midi-player-js": "^2.0.16"
      }
    },
    "fs": {
      "version": "0.0.1-security",
      "resolved": "https://registry.npmjs.org/fs/-/fs-0.0.1-security.tgz",
      "integrity": "sha1-invTcYa23d84E/I4WLV+yq9eQdQ="
    },
    "midi-player-js": {
      "version": "2.0.16",
      "resolved": "https://registry.npmjs.org/midi-player-js/-/midi-player-js-2.0.16.tgz",
      "integrity": "sha512-Y1yCRvvSjJjT5J4U8T4XTCDF1FLXtw8Otvq5BAmIob/2cj10aQUDrPDFByTWeuMRPu6/nLhusROc1DuTLCzRnw=="
    }
  }
}
